Microsoft Visual Studio Solution File, Format Version 11.00
# Visual Studio 2008

Project("{A0A38EA9-7359-0E68-619C-1DC04BFCDE83}") = "All_in", "Assembly-CSharp.csproj", "{F47BE9B1-6293-30FF-62D8-17182DBAF314}"
EndProject
Project("{A0A38EA9-7359-0E68-619C-1DC04BFCDE83}") = "All_in", "Assembly-CSharp-Editor.csproj", "{65767214-D197-6678-A986-253E5EB81583}"
EndProject
Project("{A0A38EA9-7359-0E68-619C-1DC04BFCDE83}") = "All_in", "Assembly-UnityScript.unityproj", "{131B4384-EBAE-36B3-ED96-6C9954AD4151}"
EndProject
Global
	GlobalSection(SolutionConfigurationPlatforms) = preSolution
		Debug|Any CPU = Debug|Any CPU
		Release|Any CPU = Release|Any CPU
	EndGlobalSection
	GlobalSection(ProjectConfigurationPlatforms) = postSolution
		{F47BE9B1-6293-30FF-62D8-17182DBAF314}.Debug|Any CPU.ActiveCfg = Debug|Any CPU
		{F47BE9B1-6293-30FF-62D8-17182DBAF314}.Debug|Any CPU.Build.0 = Debug|Any CPU
		{F47BE9B1-6293-30FF-62D8-17182DBAF314}.Release|Any CPU.ActiveCfg = Release|Any CPU
		{F47BE9B1-6293-30FF-62D8-17182DBAF314}.Release|Any CPU.Build.0 = Release|Any CPU
		{65767214-D197-6678-A986-253E5EB81583}.Debug|Any CPU.ActiveCfg = Debug|Any CPU
		{65767214-D197-6678-A986-253E5EB81583}.Debug|Any CPU.Build.0 = Debug|Any CPU
		{65767214-D197-6678-A986-253E5EB81583}.Release|Any CPU.ActiveCfg = Release|Any CPU
		{65767214-D197-6678-A986-253E5EB81583}.Release|Any CPU.Build.0 = Release|Any CPU
		{131B4384-EBAE-36B3-ED96-6C9954AD4151}.Debug|Any CPU.ActiveCfg = Debug|Any CPU
		{131B4384-EBAE-36B3-ED96-6C9954AD4151}.Debug|Any CPU.Build.0 = Debug|Any CPU
		{131B4384-EBAE-36B3-ED96-6C9954AD4151}.Release|Any CPU.ActiveCfg = Release|Any CPU
		{131B4384-EBAE-36B3-ED96-6C9954AD4151}.Release|Any CPU.Build.0 = Release|Any CPU
	EndGlobalSection
	GlobalSection(SolutionProperties) = preSolution
		HideSolutionNode = FALSE
	EndGlobalSection
																																		GlobalSection(MonoDevelopProperties) = preSolution
		StartupItem = Assembly-CSharp.csproj
		Policies = $0
		$0.TextStylePolicy = $1
		$1.inheritsSet = null
		$1.scope = text/x-csharp
		$0.CSharpFormattingPolicy = $2
		$2.inheritsSet = Mono
		$2.inheritsScope = text/x-csharp
		$2.scope = text/x-csharp
		$0.TextStylePolicy = $3
		$3.FileWidth = 120
		$3.TabWidth = 4
		$3.IndentWidth = 4
		$3.EolMarker = Unix
		$3.inheritsSet = Mono
		$3.inheritsScope = text/plain
		$3.scope = text/plain
	EndGlobalSection

EndGlobal
